
Microsoft Visual Studio Solution File, Format Version 12.00
# Visual Studio 15
VisualStudioVersion = 15.0.27130.2024
MinimumVisualStudioVersion = 10.0.40219.1
Project("{FAE04EC0-301F-11D3-BF4B-00C04F79EFBC}") = "Sevodagam", "Sevodagam\Sevodagam.csproj", "{01DFFF35-DF81-4670-8FA5-B17892B4DD60}"
EndProject
Global
	GlobalSection(SolutionConfigurationPlatforms) = preSolution
		Debug|Any CPU = Debug|Any CPU
		Release|Any CPU = Release|Any CPU
	EndGlobalSection
	GlobalSection(ProjectConfigurationPlatforms) = postSolution
		{01DFFF35-DF81-4670-8FA5-B17892B4DD60}.Debug|Any CPU.ActiveCfg = Debug|Any CPU
		{01DFFF35-DF81-4670-8FA5-B17892B4DD60}.Debug|Any CPU.Build.0 = Debug|Any CPU
		{01DFFF35-DF81-4670-8FA5-B17892B4DD60}.Release|Any CPU.ActiveCfg = Release|Any CPU
		{01DFFF35-DF81-4670-8FA5-B17892B4DD60}.Release|Any CPU.Build.0 = Release|Any CPU
	EndGlobalSection
	GlobalSection(SolutionProperties) = preSolution
		HideSolutionNode = FALSE
	EndGlobalSection
	GlobalSection(ExtensibilityGlobals) = postSolution
		SolutionGuid = {CEE4EE42-ABCB-4C41-A66F-205FA88C83E2}
	EndGlobalSection
EndGlobal
